// !$*UTF8*$!
{
	archiveVersion = 1;
	classes = {
	};
	objectVersion = 50;
	objects = {

/* Begin PBXBuildFile section */
		0BD260FC268C3B7000B826BB /* AppDelegate.swift in Sources */ = {isa = PBXBuildFile; fileRef = 0BD260FB268C3B7000B826BB /* AppDelegate.swift */; };
		0BD260FE268C3B7000B826BB /* ViewController.swift in Sources */ = {isa = PBXBuildFile; fileRef = 0BD260FD268C3B7000B826BB /* ViewController.swift */; };
		0BD26101268C3B7000B826BB /* Main.storyboard in Resources */ = {isa = PBXBuildFile; fileRef = 0BD260FF268C3B7000B826BB /* Main.storyboard */; };
		0BD26103268C3B7100B826BB /* Assets.xcassets in Resources */ = {isa = PBXBuildFile; fileRef = 0BD26102268C3B7100B826BB /* Assets.xcassets */; };
		0BD26106268C3B7100B826BB /* LaunchScreen.storyboard in Resources */ = {isa = PBXBuildFile; fileRef = 0BD26104268C3B7100B826BB /* LaunchScreen.storyboard */; };
		0BD2610F268C3C3100B826BB /* Extension.swift in Sources */ = {isa = PBXBuildFile; fileRef = 0BD2610E268C3C3100B826BB /* Extension.swift */; };
		0BD26111268C3F1D00B826BB /* TiaTacToeVC.swift in Sources */ = {isa = PBXBuildFile; fileRef = 0BD26110268C3F1D00B826BB /* TiaTacToeVC.swift */; };
		0BD26117268C42D500B826BB /* TiaTacToeCell.swift in Sources */ = {isa = PBXBuildFile; fileRef = 0BD26116268C42D500B826BB /* TiaTacToeCell.swift */; };
/* End PBXBuildFile section */

/* Begin PBXFileReference section */
		0BD260F8268C3B7000B826BB /* TicTacToe.app */ = {isa = PBXFileReference; explicitFileType = wrapper.application; includeInIndex = 0; path = TicTacToe.app; sourceTree = BUILT_PRODUCTS_DIR; };
		0BD260FB268C3B7000B826BB /* AppDelegate.swift */ = {isa = PBXFileReference; lastKnownFileType = sourcecode.swift; path = AppDelegate.swift; sourceTree = "<group>"; };
		0BD260FD268C3B7000B826BB /* ViewController.swift */ = {isa = PBXFileReference; lastKnownFileType = sourcecode.swift; path = ViewController.swift; sourceTree = "<group>"; };
		0BD26100268C3B7000B826BB /* Base */ = {isa = PBXFileReference; lastKnownFileType = file.storyboard; name = Base; path = Base.lproj/Main.storyboard; sourceTree = "<group>"; };
		0BD26102268C3B7100B826BB /* Assets.xcassets */ = {isa = PBXFileReference; lastKnownFileType = folder.assetcatalog; path = Assets.xcassets; sourceTree = "<group>"; };
		0BD26105268C3B7100B826BB /* Base */ = {isa = PBXFileReference; lastKnownFileType = file.storyboard; name = Base; path = Base.lproj/LaunchScreen.storyboard; sourceTree = "<group>"; };
		0BD26107268C3B7100B826BB /* Info.plist */ = {isa = PBXFileReference; lastKnownFileType = text.plist.xml; path = Info.plist; sourceTree = "<group>"; };
		0BD2610E268C3C3100B826BB /* Extension.swift */ = {isa = PBXFileReference; lastKnownFileType = sourcecode.swift; path = Extension.swift; sourceTree = "<group>"; };
		0BD26110268C3F1D00B826BB /* TiaTacToeVC.swift */ = {isa = PBXFileReference; lastKnownFileType = sourcecode.swift; path = TiaTacToeVC.swift; sourceTree = "<group>"; };
		0BD26116268C42D500B826BB /* TiaTacToeCell.swift */ = {isa = PBXFileReference; lastKnownFileType = sourcecode.swift; path = TiaTacToeCell.swift; sourceTree = "<group>"; };
/* End PBXFileReference section */

/* Begin PBXFrameworksBuildPhase section */
		0BD260F5268C3B7000B826BB /* Frameworks */ = {
			isa = PBXFrameworksBuildPhase;
			buildActionMask = 2147483647;
			files = (
			);
			runOnlyForDeploymentPostprocessing = 0;
		};
/* End PBXFrameworksBuildPhase section */

/* Begin PBXGroup section */
		0BD260EF268C3B7000B826BB = {
			isa = PBXGroup;
			children = (
				0BD260FA268C3B7000B826BB /* TicTacToe */,
				0BD260F9268C3B7000B826BB /* Products */,
			);
			sourceTree = "<group>";
		};
		0BD260F9268C3B7000B826BB /* Products */ = {
			isa = PBXGroup;
			children = (
				0BD260F8268C3B7000B826BB /* TicTacToe.app */,
			);
			name = Products;
			sourceTree = "<group>";
		};
		0BD260FA268C3B7000B826BB /* TicTacToe */ = {
			isa = PBXGroup;
			children = (
				0BD2610D268C3C0800B826BB /* Extra */,
				0BD260FB268C3B7000B826BB /* AppDelegate.swift */,
				0BD260FD268C3B7000B826BB /* ViewController.swift */,
				0BD260FF268C3B7000B826BB /* Main.storyboard */,
				0BD26102268C3B7100B826BB /* Assets.xcassets */,
				0BD26104268C3B7100B826BB /* LaunchScreen.storyboard */,
				0BD26107268C3B7100B826BB /* Info.plist */,
				0BD26110268C3F1D00B826BB /* TiaTacToeVC.swift */,
				0BD26116268C42D500B826BB /* TiaTacToeCell.swift */,
			);
			path = TicTacToe;
			sourceTree = "<group>";
		};
		0BD2610D268C3C0800B826BB /* Extra */ = {
			isa = PBXGroup;
			children = (
				0BD2610E268C3C3100B826BB /* Extension.swift */,
			);
			path = Extra;
			sourceTree = "<group>";
		};
/* End PBXGroup section */

/* Begin PBXNativeTarget section */
		0BD260F7268C3B7000B826BB /* TicTacToe */ = {
			isa = PBXNativeTarget;
			buildConfigurationList = 0BD2610A268C3B7100B826BB /* Build configuration list for PBXNativeTarget "TicTacToe" */;
			buildPhases = (
				0BD260F4268C3B7000B826BB /* Sources */,
				0BD260F5268C3B7000B826BB /* Frameworks */,
				0BD260F6268C3B7000B826BB /* Resources */,
			);
			buildRules = (
			);
			dependencies = (
			);
			name = TicTacToe;
			productName = TicTacToe;
			productReference = 0BD260F8268C3B7000B826BB /* TicTacToe.app */;
			productType = "com.apple.product-type.application";
		};
/* End PBXNativeTarget section */

/* Begin PBXProject section */
		0BD260F0268C3B7000B826BB /* Project object */ = {
			isa = PBXProject;
			attributes = {
				LastSwiftUpdateCheck = 1020;
				LastUpgradeCheck = 1020;
				ORGANIZATIONNAME = DCS;
				TargetAttributes = {
					0BD260F7268C3B7000B826BB = {
						CreatedOnToolsVersion = 10.2.1;
					};
				};
			};
			buildConfigurationList = 0BD260F3268C3B7000B826BB /* Build configuration list for PBXProject "TicTacToe" */;
			compatibilityVersion = "Xcode 9.3";
			developmentRegion = en;
			hasScannedForEncodings = 0;
			knownRegions = (
				en,
				Base,
			);
			mainGroup = 0BD260EF268C3B7000B826BB;
			productRefGroup = 0BD260F9268C3B7000B826BB /* Products */;
			projectDirPath = "";
			projectRoot = "";
			targets = (
				0BD260F7268C3B7000B826BB /* TicTacToe */,
			);
		};
/* End PBXProject section */

/* Begin PBXResourcesBuildPhase section */
		0BD260F6268C3B7000B826BB /* Resources */ = {
			isa = PBXResourcesBuildPhase;
			buildActionMask = 2147483647;
			files = (
				0BD26106268C3B7100B826BB /* LaunchScreen.storyboard in Resources */,
				0BD26103268C3B7100B826BB /* Assets.xcassets in Resources */,
				0BD26101268C3B7000B826BB /* Main.storyboard in Resources */,
			);
			runOnlyForDeploymentPostprocessing = 0;
		};
/* End PBXResourcesBuildPhase section */

/* Begin PBXSourcesBuildPhase section */
		0BD260F4268C3B7000B826BB /* Sources */ = {
			isa = PBXSourcesBuildPhase;
			buildActionMask = 2147483647;
			files = (
				0BD2610F268C3C3100B826BB /* Extension.swift in Sources */,
				0BD260FE268C3B7000B826BB /* ViewController.swift in Sources */,
				0BD260FC268C3B7000B826BB /* AppDelegate.swift in Sources */,
				0BD26117268C42D500B826BB /* TiaTacToeCell.swift in Sources */,
				0BD26111268C3F1D00B826BB /* TiaTacToeVC.swift in Sources */,
			);
			runOnlyForDeploymentPostprocessing = 0;
		};
/* End PBXSourcesBuildPhase section */

/* Begin PBXVariantGroup section */
		0BD260FF268C3B7000B826BB /* Main.storyboard */ = {
			isa = PBXVariantGroup;
			children = (
				0BD26100268C3B7000B826BB /* Base */,
			);
			name = Main.storyboard;
			sourceTree = "<group>";
		};
		0BD26104268C3B7100B826BB /* LaunchScreen.storyboard */ = {
			isa = PBXVariantGroup;
			children = (
				0BD26105268C3B7100B826BB /* Base */,
			);
			name = LaunchScreen.storyboard;
			sourceTree = "<group>";
		};
/* End PBXVariantGroup section */

/* Begin XCBuildConfiguration section */
		0BD26108268C3B7100B826BB /* Debug */ = {
			isa = XCBuildConfiguration;
			buildSettings = {
				ALWAYS_SEARCH_USER_PATHS = NO;
				CLANG_ANALYZER_NONNULL = YES;
				CLANG_ANALYZER_NUMBER_OBJECT_CONVERSION = YES_AGGRESSIVE;
				CLANG_CXX_LANGUAGE_STANDARD = "gnu++14";
				CLANG_CXX_LIBRARY = "libc++";
				CLANG_ENABLE_MODULES = YES;
				CLANG_ENABLE_OBJC_ARC = YES;
				CLANG_ENABLE_OBJC_WEAK = YES;
				CLANG_WARN_BLOCK_CAPTURE_AUTORELEASING = YES;
				CLANG_WARN_BOOL_CONVERSION = YES;
				CLANG_WARN_COMMA = YES;
				CLANG_WARN_CONSTANT_CONVERSION = YES;
				CLANG_WARN_DEPRECATED_OBJC_IMPLEMENTATIONS = YES;
				CLANG_WARN_DIRECT_OBJC_ISA_USAGE = YES_ERROR;
				CLANG_WARN_DOCUMENTATION_COMMENTS = YES;
				CLANG_WARN_EMPTY_BODY = YES;
				CLANG_WARN_ENUM_CONVERSION = YES;
				CLANG_WARN_INFINITE_RECURSION = YES;
				CLANG_WARN_INT_CONVERSION = YES;
				CLANG_WARN_NON_LITERAL_NULL_CONVERSION = YES;
				CLANG_WARN_OBJC_IMPLICIT_RETAIN_SELF = YES;
				CLANG_WARN_OBJC_LITERAL_CONVERSION = YES;
				CLANG_WARN_OBJC_ROOT_CLASS = YES_ERROR;
				CLANG_WARN_RANGE_LOOP_ANALYSIS = YES;
				CLANG_WARN_STRICT_PROTOTYPES = YES;
				CLANG_WARN_SUSPICIOUS_MOVE = YES;
				CLANG_WARN_UNGUARDED_AVAILABILITY = YES_AGGRESSIVE;
				CLANG_WARN_UNREACHABLE_CODE = YES;
				CLANG_WARN__DUPLICATE_METHOD_MATCH = YES;
				CODE_SIGN_IDENTITY = "iPhone Developer";
				COPY_PHASE_STRIP = NO;
				DEBUG_INFORMATION_FORMAT = dwarf;
				ENABLE_STRICT_OBJC_MSGSEND = YES;
				ENABLE_TESTABILITY = YES;
				GCC_C_LANGUAGE_STANDARD = gnu11;
				GCC_DYNAMIC_NO_PIC = NO;
				GCC_NO_COMMON_BLOCKS = YES;
				GCC_OPTIMIZATION_LEVEL = 0;
				GCC_PREPROCESSOR_DEFINITIONS = (
					"DEBUG=1",
					"$(inherited)",
				);
				GCC_WARN_64_TO_32_BIT_CONVERSION = YES;
				GCC_WARN_ABOUT_RETURN_TYPE = YES_ERROR;
				GCC_WARN_UNDECLARED_SELECTOR = YES;
				GCC_WARN_UNINITIALIZED_AUTOS = YES_AGGRESSIVE;
				GCC_WARN_UNUSED_FUNCTION = YES;
				GCC_WARN_UNUSED_VARIABLE = YES;
				IPHONEOS_DEPLOYMENT_TARGET = 12.2;
				MTL_ENABLE_DEBUG_INFO = INCLUDE_SOURCE;
				MTL_FAST_MATH = YES;
				ONLY_ACTIVE_ARCH = YES;
				SDKROOT = iphoneos;
				SWIFT_ACTIVE_COMPILATION_CONDITIONS = DEBUG;
				SWIFT_OPTIMIZATION_LEVEL = "-Onone";
			};
			name = Debug;
		};
		0BD26109268C3B7100B826BB /* Release */ = {
			isa = XCBuildConfiguration;
			buildSettings = {
				ALWAYS_SEARCH_USER_PATHS = NO;
				CLANG_ANALYZER_NONNULL = YES;
				CLANG_ANALYZER_NUMBER_OBJECT_CONVERSION = YES_AGGRESSIVE;
				CLANG_CXX_LANGUAGE_STANDARD = "gnu++14";
				CLANG_CXX_LIBRARY = "libc++";
				CLANG_ENABLE_MODULES = YES;
				CLANG_ENABLE_OBJC_ARC = YES;
				CLANG_ENABLE_OBJC_WEAK = YES;
				CLANG_WARN_BLOCK_CAPTURE_AUTORELEASING = YES;
				CLANG_WARN_BOOL_CONVERSION = YES;
				CLANG_WARN_COMMA = YES;
				CLANG_WARN_CONSTANT_CONVERSION = YES;
				CLANG_WARN_DEPRECATED_OBJC_IMPLEMENTATIONS = YES;
				CLANG_WARN_DIRECT_OBJC_ISA_USAGE = YES_ERROR;
				CLANG_WARN_DOCUMENTATION_COMMENTS = YES;
				CLANG_WARN_EMPTY_BODY = YES;
				CLANG_WARN_ENUM_CONVERSION = YES;
				CLANG_WARN_INFINITE_RECURSION = YES;
				CLANG_WARN_INT_CONVERSION = YES;
				CLANG_WARN_NON_LITERAL_NULL_CONVERSION = YES;
				CLANG_WARN_OBJC_IMPLICIT_RETAIN_SELF = YES;
				CLANG_WARN_OBJC_LITERAL_CONVERSION = YES;
				CLANG_WARN_OBJC_ROOT_CLASS = YES_ERROR;
				CLANG_WARN_RANGE_LOOP_ANALYSIS = YES;
				CLANG_WARN_STRICT_PROTOTYPES = YES;
				CLANG_WARN_SUSPICIOUS_MOVE = YES;
				CLANG_WARN_UNGUARDED_AVAILABILITY = YES_AGGRESSIVE;
				CLANG_WARN_UNREACHABLE_CODE = YES;
				CLANG_WARN__DUPLICATE_METHOD_MATCH = YES;
				CODE_SIGN_IDENTITY = "iPhone Developer";
				COPY_PHASE_STRIP = NO;
				DEBUG_INFORMATION_FORMAT = "dwarf-with-dsym";
				ENABLE_NS_ASSERTIONS = NO;
				ENABLE_STRICT_OBJC_MSGSEND = YES;
				GCC_C_LANGUAGE_STANDARD = gnu11;
				GCC_NO_COMMON_BLOCKS = YES;
				GCC_WARN_64_TO_32_BIT_CONVERSION = YES;
				GCC_WARN_ABOUT_RETURN_TYPE = YES_ERROR;
				GCC_WARN_UNDECLARED_SELECTOR = YES;
				GCC_WARN_UNINITIALIZED_AUTOS = YES_AGGRESSIVE;
				GCC_WARN_UNUSED_FUNCTION = YES;
				GCC_WARN_UNUSED_VARIABLE = YES;
				IPHONEOS_DEPLOYMENT_TARGET = 12.2;
				MTL_ENABLE_DEBUG_INFO = NO;
				MTL_FAST_MATH = YES;
				SDKROOT = iphoneos;
				SWIFT_COMPILATION_MODE = wholemodule;
				SWIFT_OPTIMIZATION_LEVEL = "-O";
				VALIDATE_PRODUCT = YES;
			};
			name = Release;
		};
		0BD2610B268C3B7100B826BB /* Debug */ = {
			isa = XCBuildConfiguration;
			buildSettings = {
				ASSETCATALOG_COMPILER_APPICON_NAME = AppIcon;
				CODE_SIGN_STYLE = Automatic;
				INFOPLIST_FILE = TicTacToe/Info.plist;
				LD_RUNPATH_SEARCH_PATHS = (
					"$(inherited)",
					"@executable_path/Frameworks",
				);
				PRODUCT_BUNDLE_IDENTIFIER = in.ac.vnsgu.dcs.TicTacToe;
				PRODUCT_NAME = "$(TARGET_NAME)";
				SWIFT_VERSION = 5.0;
				TARGETED_DEVICE_FAMILY = "1,2";
			};
			name = Debug;
		};
		0BD2610C268C3B7100B826BB /* Release */ = {
			isa = XCBuildConfiguration;
			buildSettings = {
				ASSETCATALOG_COMPILER_APPICON_NAME = AppIcon;
				CODE_SIGN_STYLE = Automatic;
				INFOPLIST_FILE = TicTacToe/Info.plist;
				LD_RUNPATH_SEARCH_PATHS = (
					"$(inherited)",
					"@executable_path/Frameworks",
				);
				PRODUCT_BUNDLE_IDENTIFIER = in.ac.vnsgu.dcs.TicTacToe;
				PRODUCT_NAME = "$(TARGET_NAME)";
				SWIFT_VERSION = 5.0;
				TARGETED_DEVICE_FAMILY = "1,2";
			};
			name = Release;
		};
/* End XCBuildConfiguration section */

/* Begin XCConfigurationList section */
		0BD260F3268C3B7000B826BB /* Build configuration list for PBXProject "TicTacToe" */ = {
			isa = XCConfigurationList;
			buildConfigurations = (
				0BD26108268C3B7100B826BB /* Debug */,
				0BD26109268C3B7100B826BB /* Release */,
			);
			defaultConfigurationIsVisible = 0;
			defaultConfigurationName = Release;
		};
		0BD2610A268C3B7100B826BB /* Build configuration list for PBXNativeTarget "TicTacToe" */ = {
			isa = XCConfigurationList;
			buildConfigurations = (
				0BD2610B268C3B7100B826BB /* Debug */,
				0BD2610C268C3B7100B826BB /* Release */,
			);
			defaultConfigurationIsVisible = 0;
			defaultConfigurationName = Release;
		};
/* End XCConfigurationList section */
	};
	rootObject = 0BD260F0268C3B7000B826BB /* Project object */;
}
